
Microsoft Visual Studio Solution File, Format Version 12.00
Project("{FAE04EC0-301F-11D3-BF4B-00C04F79EFBC}") = "csharp-json-management", "csharp-json-management.csproj", "{F6025C06-7D56-4DD2-A34D-9446D56D4B45}"
EndProject
Global
	GlobalSection(SolutionConfigurationPlatforms) = preSolution
		Debug|Any CPU = Debug|Any CPU
		Release|Any CPU = Release|Any CPU
	EndGlobalSection
	GlobalSection(ProjectConfigurationPlatforms) = postSolution
		{F6025C06-7D56-4DD2-A34D-9446D56D4B45}.Debug|Any CPU.ActiveCfg = Debug|Any CPU
		{F6025C06-7D56-4DD2-A34D-9446D56D4B45}.Debug|Any CPU.Build.0 = Debug|Any CPU
		{F6025C06-7D56-4DD2-A34D-9446D56D4B45}.Release|Any CPU.ActiveCfg = Release|Any CPU
		{F6025C06-7D56-4DD2-A34D-9446D56D4B45}.Release|Any CPU.Build.0 = Release|Any CPU
	EndGlobalSection
EndGlobal
